
Microsoft Visual Studio Solution File, Format Version 12.00
Project("{FAE04EC0-301F-11D3-BF4B-00C04F79EFBC}") = "PacMan", "PacMan\PacMan.csproj", "{2B8E0FD3-9115-40FC-A86F-6E3C718C4565}"
EndProject
Project("{FAE04EC0-301F-11D3-BF4B-00C04F79EFBC}") = "Otter", "Otter\Otter.csproj", "{0CCDA097-CA36-4751-A1DA-A75E27FA3224}"
EndProject
Project("{FAE04EC0-301F-11D3-BF4B-00C04F79EFBC}") = "GameSolver", "GameSolver\GameSolver.csproj", "{D90BE4A1-F69F-42AF-A25A-458D14991A7F}"
EndProject
Global
	GlobalSection(SolutionConfigurationPlatforms) = preSolution
		Debug|Any CPU = Debug|Any CPU
		Release|Any CPU = Release|Any CPU
	EndGlobalSection
	GlobalSection(ProjectConfigurationPlatforms) = postSolution
		{2B8E0FD3-9115-40FC-A86F-6E3C718C4565}.Debug|Any CPU.ActiveCfg = Debug|Any CPU
		{2B8E0FD3-9115-40FC-A86F-6E3C718C4565}.Debug|Any CPU.Build.0 = Debug|Any CPU
		{2B8E0FD3-9115-40FC-A86F-6E3C718C4565}.Release|Any CPU.ActiveCfg = Release|Any CPU
		{2B8E0FD3-9115-40FC-A86F-6E3C718C4565}.Release|Any CPU.Build.0 = Release|Any CPU
		{0CCDA097-CA36-4751-A1DA-A75E27FA3224}.Debug|Any CPU.ActiveCfg = Debug|Any CPU
		{0CCDA097-CA36-4751-A1DA-A75E27FA3224}.Debug|Any CPU.Build.0 = Debug|Any CPU
		{0CCDA097-CA36-4751-A1DA-A75E27FA3224}.Release|Any CPU.ActiveCfg = Release|Any CPU
		{0CCDA097-CA36-4751-A1DA-A75E27FA3224}.Release|Any CPU.Build.0 = Release|Any CPU
		{D90BE4A1-F69F-42AF-A25A-458D14991A7F}.Debug|Any CPU.ActiveCfg = Debug|Any CPU
		{D90BE4A1-F69F-42AF-A25A-458D14991A7F}.Debug|Any CPU.Build.0 = Debug|Any CPU
		{D90BE4A1-F69F-42AF-A25A-458D14991A7F}.Release|Any CPU.ActiveCfg = Release|Any CPU
		{D90BE4A1-F69F-42AF-A25A-458D14991A7F}.Release|Any CPU.Build.0 = Release|Any CPU
	EndGlobalSection
EndGlobal
